// !$*UTF8*$!
{
	archiveVersion = 1;
	classes = {
	};
	objectVersion = 46;
	objects = {

/* Begin PBXBuildFile section */
		53E1946119EAA8200064918D /* main.m in Sources */ = {isa = PBXBuildFile; fileRef = 53E1946019EAA8200064918D /* main.m */; };
		53E1946419EAA8200064918D /* AppDelegate.m in Sources */ = {isa = PBXBuildFile; fileRef = 53E1946319EAA8200064918D /* AppDelegate.m */; };
		53E1946719EAA8200064918D /* ViewController.m in Sources */ = {isa = PBXBuildFile; fileRef = 53E1946619EAA8200064918D /* ViewController.m */; };
		53E1946A19EAA8200064918D /* Main.storyboard in Resources */ = {isa = PBXBuildFile; fileRef = 53E1946819EAA8200064918D /* Main.storyboard */; };
		53E1946C19EAA8200064918D /* Images.xcassets in Resources */ = {isa = PBXBuildFile; fileRef = 53E1946B19EAA8200064918D /* Images.xcassets */; };
		53E1946F19EAA8200064918D /* LaunchScreen.xib in Resources */ = {isa = PBXBuildFile; fileRef = 53E1946D19EAA8200064918D /* LaunchScreen.xib */; };
		53E1947B19EAA8200064918D /* NSUserDefault_Segues_and_Protocol_Challenge_SolutionTests.m in Sources */ = {isa = PBXBuildFile; fileRef = 53E1947A19EAA8200064918D /* NSUserDefault_Segues_and_Protocol_Challenge_SolutionTests.m */; };
/* End PBXBuildFile section */

/* Begin PBXContainerItemProxy section */
		53E1947519EAA8200064918D /* PBXContainerItemProxy */ = {
			isa = PBXContainerItemProxy;
			containerPortal = 53E1945319EAA8200064918D /* Project object */;
			proxyType = 1;
			remoteGlobalIDString = 53E1945A19EAA8200064918D;
			remoteInfo = "NSUserDefault,Segues and Protocol Challenge Solution";
		};
/* End PBXContainerItemProxy section */

/* Begin PBXFileReference section */
		53E1945B19EAA8200064918D /* NSUserDefault,Segues and Protocol Challenge Solution.app */ = {isa = PBXFileReference; explicitFileType = wrapper.application; includeInIndex = 0; path = "NSUserDefault,Segues and Protocol Challenge Solution.app"; sourceTree = BUILT_PRODUCTS_DIR; };
		53E1945F19EAA8200064918D /* Info.plist */ = {isa = PBXFileReference; lastKnownFileType = text.plist.xml; path = Info.plist; sourceTree = "<group>"; };
		53E1946019EAA8200064918D /* main.m */ = {isa = PBXFileReference; lastKnownFileType = sourcecode.c.objc; path = main.m; sourceTree = "<group>"; };
		53E1946219EAA8200064918D /* AppDelegate.h */ = {isa = PBXFileReference; lastKnownFileType = sourcecode.c.h; path = AppDelegate.h; sourceTree = "<group>"; };
		53E1946319EAA8200064918D /* AppDelegate.m */ = {isa = PBXFileReference; lastKnownFileType = sourcecode.c.objc; path = AppDelegate.m; sourceTree = "<group>"; };
		53E1946519EAA8200064918D /* ViewController.h */ = {isa = PBXFileReference; lastKnownFileType = sourcecode.c.h; path = ViewController.h; sourceTree = "<group>"; };
		53E1946619EAA8200064918D /* ViewController.m */ = {isa = PBXFileReference; lastKnownFileType = sourcecode.c.objc; path = ViewController.m; sourceTree = "<group>"; };
		53E1946919EAA8200064918D /* Base */ = {isa = PBXFileReference; lastKnownFileType = file.storyboard; name = Base; path = Base.lproj/Main.storyboard; sourceTree = "<group>"; };
		53E1946B19EAA8200064918D /* Images.xcassets */ = {isa = PBXFileReference; lastKnownFileType = folder.assetcatalog; path = Images.xcassets; sourceTree = "<group>"; };
		53E1946E19EAA8200064918D /* Base */ = {isa = PBXFileReference; lastKnownFileType = file.xib; name = Base; path = Base.lproj/LaunchScreen.xib; sourceTree = "<group>"; };
		53E1947419EAA8200064918D /* NSUserDefault,Segues and Protocol Challenge SolutionTests.xctest */ = {isa = PBXFileReference; explicitFileType = wrapper.cfbundle; includeInIndex = 0; path = "NSUserDefault,Segues and Protocol Challenge SolutionTests.xctest"; sourceTree = BUILT_PRODUCTS_DIR; };
		53E1947919EAA8200064918D /* Info.plist */ = {isa = PBXFileReference; lastKnownFileType = text.plist.xml; path = Info.plist; sourceTree = "<group>"; };
		53E1947A19EAA8200064918D /* NSUserDefault_Segues_and_Protocol_Challenge_SolutionTests.m */ = {isa = PBXFileReference; lastKnownFileType = sourcecode.c.objc; path = NSUserDefault_Segues_and_Protocol_Challenge_SolutionTests.m; sourceTree = "<group>"; };
/* End PBXFileReference section */

/* Begin PBXFrameworksBuildPhase section */
		53E1945819EAA8200064918D /* Frameworks */ = {
			isa = PBXFrameworksBuildPhase;
			buildActionMask = 2147483647;
			files = (
			);
			runOnlyForDeploymentPostprocessing = 0;
		};
		53E1947119EAA8200064918D /* Frameworks */ = {
			isa = PBXFrameworksBuildPhase;
			buildActionMask = 2147483647;
			files = (
			);
			runOnlyForDeploymentPostprocessing = 0;
		};
/* End PBXFrameworksBuildPhase section */

/* Begin PBXGroup section */
		53E1945219EAA8200064918D = {
			isa = PBXGroup;
			children = (
				53E1945D19EAA8200064918D /* NSUserDefault,Segues and Protocol Challenge Solution */,
				53E1947719EAA8200064918D /* NSUserDefault,Segues and Protocol Challenge SolutionTests */,
				53E1945C19EAA8200064918D /* Products */,
			);
			sourceTree = "<group>";
		};
		53E1945C19EAA8200064918D /* Products */ = {
			isa = PBXGroup;
			children = (
				53E1945B19EAA8200064918D /* NSUserDefault,Segues and Protocol Challenge Solution.app */,
				53E1947419EAA8200064918D /* NSUserDefault,Segues and Protocol Challenge SolutionTests.xctest */,
			);
			name = Products;
			sourceTree = "<group>";
		};
		53E1945D19EAA8200064918D /* NSUserDefault,Segues and Protocol Challenge Solution */ = {
			isa = PBXGroup;
			children = (
				53E1946219EAA8200064918D /* AppDelegate.h */,
				53E1946319EAA8200064918D /* AppDelegate.m */,
				53E1946519EAA8200064918D /* ViewController.h */,
				53E1946619EAA8200064918D /* ViewController.m */,
				53E1946819EAA8200064918D /* Main.storyboard */,
				53E1946B19EAA8200064918D /* Images.xcassets */,
				53E1946D19EAA8200064918D /* LaunchScreen.xib */,
				53E1945E19EAA8200064918D /* Supporting Files */,
			);
			path = "NSUserDefault,Segues and Protocol Challenge Solution";
			sourceTree = "<group>";
		};
		53E1945E19EAA8200064918D /* Supporting Files */ = {
			isa = PBXGroup;
			children = (
				53E1945F19EAA8200064918D /* Info.plist */,
				53E1946019EAA8200064918D /* main.m */,
			);
			name = "Supporting Files";
			sourceTree = "<group>";
		};
		53E1947719EAA8200064918D /* NSUserDefault,Segues and Protocol Challenge SolutionTests */ = {
			isa = PBXGroup;
			children = (
				53E1947A19EAA8200064918D /* NSUserDefault_Segues_and_Protocol_Challenge_SolutionTests.m */,
				53E1947819EAA8200064918D /* Supporting Files */,
			);
			path = "NSUserDefault,Segues and Protocol Challenge SolutionTests";
			sourceTree = "<group>";
		};
		53E1947819EAA8200064918D /* Supporting Files */ = {
			isa = PBXGroup;
			children = (
				53E1947919EAA8200064918D /* Info.plist */,
			);
			name = "Supporting Files";
			sourceTree = "<group>";
		};
/* End PBXGroup section */

/* Begin PBXNativeTarget section */
		53E1945A19EAA8200064918D /* NSUserDefault,Segues and Protocol Challenge Solution */ = {
			isa = PBXNativeTarget;
			buildConfigurationList = 53E1947E19EAA8200064918D /* Build configuration list for PBXNativeTarget "NSUserDefault,Segues and Protocol Challenge Solution" */;
			buildPhases = (
				53E1945719EAA8200064918D /* Sources */,
				53E1945819EAA8200064918D /* Frameworks */,
				53E1945919EAA8200064918D /* Resources */,
			);
			buildRules = (
			);
			dependencies = (
			);
			name = "NSUserDefault,Segues and Protocol Challenge Solution";
			productName = "NSUserDefault,Segues and Protocol Challenge Solution";
			productReference = 53E1945B19EAA8200064918D /* NSUserDefault,Segues and Protocol Challenge Solution.app */;
			productType = "com.apple.product-type.application";
		};
		53E1947319EAA8200064918D /* NSUserDefault,Segues and Protocol Challenge SolutionTests */ = {
			isa = PBXNativeTarget;
			buildConfigurationList = 53E1948119EAA8200064918D /* Build configuration list for PBXNativeTarget "NSUserDefault,Segues and Protocol Challenge SolutionTests" */;
			buildPhases = (
				53E1947019EAA8200064918D /* Sources */,
				53E1947119EAA8200064918D /* Frameworks */,
				53E1947219EAA8200064918D /* Resources */,
			);
			buildRules = (
			);
			dependencies = (
				53E1947619EAA8200064918D /* PBXTargetDependency */,
			);
			name = "NSUserDefault,Segues and Protocol Challenge SolutionTests";
			productName = "NSUserDefault,Segues and Protocol Challenge SolutionTests";
			productReference = 53E1947419EAA8200064918D /* NSUserDefault,Segues and Protocol Challenge SolutionTests.xctest */;
			productType = "com.apple.product-type.bundle.unit-test";
		};
/* End PBXNativeTarget section */

/* Begin PBXProject section */
		53E1945319EAA8200064918D /* Project object */ = {
			isa = PBXProject;
			attributes = {
				LastUpgradeCheck = 0600;
				TargetAttributes = {
					53E1945A19EAA8200064918D = {
						CreatedOnToolsVersion = 6.0.1;
					};
					53E1947319EAA8200064918D = {
						CreatedOnToolsVersion = 6.0.1;
						TestTargetID = 53E1945A19EAA8200064918D;
					};
				};
			};
			buildConfigurationList = 53E1945619EAA8200064918D /* Build configuration list for PBXProject "NSUserDefault,Segues and Protocol Challenge Solution" */;
			compatibilityVersion = "Xcode 3.2";
			developmentRegion = English;
			hasScannedForEncodings = 0;
			knownRegions = (
				en,
				Base,
			);
			mainGroup = 53E1945219EAA8200064918D;
			productRefGroup = 53E1945C19EAA8200064918D /* Products */;
			projectDirPath = "";
			projectRoot = "";
			targets = (
				53E1945A19EAA8200064918D /* NSUserDefault,Segues and Protocol Challenge Solution */,
				53E1947319EAA8200064918D /* NSUserDefault,Segues and Protocol Challenge SolutionTests */,
			);
		};
/* End PBXProject section */

/* Begin PBXResourcesBuildPhase section */
		53E1945919EAA8200064918D /* Resources */ = {
			isa = PBXResourcesBuildPhase;
			buildActionMask = 2147483647;
			files = (
				53E1946A19EAA8200064918D /* Main.storyboard in Resources */,
				53E1946F19EAA8200064918D /* LaunchScreen.xib in Resources */,
				53E1946C19EAA8200064918D /* Images.xcassets in Resources */,
			);
			runOnlyForDeploymentPostprocessing = 0;
		};
		53E1947219EAA8200064918D /* Resources */ = {
			isa = PBXResourcesBuildPhase;
			buildActionMask = 2147483647;
			files = (
			);
			runOnlyForDeploymentPostprocessing = 0;
		};
/* End PBXResourcesBuildPhase section */

/* Begin PBXSourcesBuildPhase section */
		53E1945719EAA8200064918D /* Sources */ = {
			isa = PBXSourcesBuildPhase;
			buildActionMask = 2147483647;
			files = (
				53E1946719EAA8200064918D /* ViewController.m in Sources */,
				53E1946419EAA8200064918D /* AppDelegate.m in Sources */,
				53E1946119EAA8200064918D /* main.m in Sources */,
			);
			runOnlyForDeploymentPostprocessing = 0;
		};
		53E1947019EAA8200064918D /* Sources */ = {
			isa = PBXSourcesBuildPhase;
			buildActionMask = 2147483647;
			files = (
				53E1947B19EAA8200064918D /* NSUserDefault_Segues_and_Protocol_Challenge_SolutionTests.m in Sources */,
			);
			runOnlyForDeploymentPostprocessing = 0;
		};
/* End PBXSourcesBuildPhase section */

/* Begin PBXTargetDependency section */
		53E1947619EAA8200064918D /* PBXTargetDependency */ = {
			isa = PBXTargetDependency;
			target = 53E1945A19EAA8200064918D /* NSUserDefault,Segues and Protocol Challenge Solution */;
			targetProxy = 53E1947519EAA8200064918D /* PBXContainerItemProxy */;
		};
/* End PBXTargetDependency section */

/* Begin PBXVariantGroup section */
		53E1946819EAA8200064918D /* Main.storyboard */ = {
			isa = PBXVariantGroup;
			children = (
				53E1946919EAA8200064918D /* Base */,
			);
			name = Main.storyboard;
			sourceTree = "<group>";
		};
		53E1946D19EAA8200064918D /* LaunchScreen.xib */ = {
			isa = PBXVariantGroup;
			children = (
				53E1946E19EAA8200064918D /* Base */,
			);
			name = LaunchScreen.xib;
			sourceTree = "<group>";
		};
/* End PBXVariantGroup section */

/* Begin XCBuildConfiguration section */
		53E1947C19EAA8200064918D /* Debug */ = {
			isa = XCBuildConfiguration;
			buildSettings = {
				ALWAYS_SEARCH_USER_PATHS = NO;
				CLANG_CXX_LANGUAGE_STANDARD = "gnu++0x";
				CLANG_CXX_LIBRARY = "libc++";
				CLANG_ENABLE_MODULES = YES;
				CLANG_ENABLE_OBJC_ARC = YES;
				CLANG_WARN_BOOL_CONVERSION = YES;
				CLANG_WARN_CONSTANT_CONVERSION = YES;
				CLANG_WARN_DIRECT_OBJC_ISA_USAGE = YES_ERROR;
				CLANG_WARN_EMPTY_BODY = YES;
				CLANG_WARN_ENUM_CONVERSION = YES;
				CLANG_WARN_INT_CONVERSION = YES;
				CLANG_WARN_OBJC_ROOT_CLASS = YES_ERROR;
				CLANG_WARN_UNREACHABLE_CODE = YES;
				CLANG_WARN__DUPLICATE_METHOD_MATCH = YES;
				"CODE_SIGN_IDENTITY[sdk=iphoneos*]" = "iPhone Developer";
				COPY_PHASE_STRIP = NO;
				ENABLE_STRICT_OBJC_MSGSEND = YES;
				GCC_C_LANGUAGE_STANDARD = gnu99;
				GCC_DYNAMIC_NO_PIC = NO;
				GCC_OPTIMIZATION_LEVEL = 0;
				GCC_PREPROCESSOR_DEFINITIONS = (
					"DEBUG=1",
					"$(inherited)",
				);
				GCC_SYMBOLS_PRIVATE_EXTERN = NO;
				GCC_WARN_64_TO_32_BIT_CONVERSION = YES;
				GCC_WARN_ABOUT_RETURN_TYPE = YES_ERROR;
				GCC_WARN_UNDECLARED_SELECTOR = YES;
				GCC_WARN_UNINITIALIZED_AUTOS = YES_AGGRESSIVE;
				GCC_WARN_UNUSED_FUNCTION = YES;
				GCC_WARN_UNUSED_VARIABLE = YES;
				IPHONEOS_DEPLOYMENT_TARGET = 8.0;
				MTL_ENABLE_DEBUG_INFO = YES;
				ONLY_ACTIVE_ARCH = YES;
				SDKROOT = iphoneos;
			};
			name = Debug;
		};
		53E1947D19EAA8200064918D /* Release */ = {
			isa = XCBuildConfiguration;
			buildSettings = {
				ALWAYS_SEARCH_USER_PATHS = NO;
				CLANG_CXX_LANGUAGE_STANDARD = "gnu++0x";
				CLANG_CXX_LIBRARY = "libc++";
				CLANG_ENABLE_MODULES = YES;
				CLANG_ENABLE_OBJC_ARC = YES;
				CLANG_WARN_BOOL_CONVERSION = YES;
				CLANG_WARN_CONSTANT_CONVERSION = YES;
				CLANG_WARN_DIRECT_OBJC_ISA_USAGE = YES_ERROR;
				CLANG_WARN_EMPTY_BODY = YES;
				CLANG_WARN_ENUM_CONVERSION = YES;
				CLANG_WARN_INT_CONVERSION = YES;
				CLANG_WARN_OBJC_ROOT_CLASS = YES_ERROR;
				CLANG_WARN_UNREACHABLE_CODE = YES;
				CLANG_WARN__DUPLICATE_METHOD_MATCH = YES;
				"CODE_SIGN_IDENTITY[sdk=iphoneos*]" = "iPhone Developer";
				COPY_PHASE_STRIP = YES;
				ENABLE_NS_ASSERTIONS = NO;
				ENABLE_STRICT_OBJC_MSGSEND = YES;
				GCC_C_LANGUAGE_STANDARD = gnu99;
				GCC_WARN_64_TO_32_BIT_CONVERSION = YES;
				GCC_WARN_ABOUT_RETURN_TYPE = YES_ERROR;
				GCC_WARN_UNDECLARED_SELECTOR = YES;
				GCC_WARN_UNINITIALIZED_AUTOS = YES_AGGRESSIVE;
				GCC_WARN_UNUSED_FUNCTION = YES;
				GCC_WARN_UNUSED_VARIABLE = YES;
				IPHONEOS_DEPLOYMENT_TARGET = 8.0;
				MTL_ENABLE_DEBUG_INFO = NO;
				SDKROOT = iphoneos;
				VALIDATE_PRODUCT = YES;
			};
			name = Release;
		};
		53E1947F19EAA8200064918D /* Debug */ = {
			isa = XCBuildConfiguration;
			buildSettings = {
				ASSETCATALOG_COMPILER_APPICON_NAME = AppIcon;
				INFOPLIST_FILE = "NSUserDefault,Segues and Protocol Challenge Solution/Info.plist";
				LD_RUNPATH_SEARCH_PATHS = "$(inherited) @executable_path/Frameworks";
				PRODUCT_NAME = "$(TARGET_NAME)";
			};
			name = Debug;
		};
		53E1948019EAA8200064918D /* Release */ = {
			isa = XCBuildConfiguration;
			buildSettings = {
				ASSETCATALOG_COMPILER_APPICON_NAME = AppIcon;
				INFOPLIST_FILE = "NSUserDefault,Segues and Protocol Challenge Solution/Info.plist";
				LD_RUNPATH_SEARCH_PATHS = "$(inherited) @executable_path/Frameworks";
				PRODUCT_NAME = "$(TARGET_NAME)";
			};
			name = Release;
		};
		53E1948219EAA8200064918D /* Debug */ = {
			isa = XCBuildConfiguration;
			buildSettings = {
				BUNDLE_LOADER = "$(TEST_HOST)";
				FRAMEWORK_SEARCH_PATHS = (
					"$(SDKROOT)/Developer/Library/Frameworks",
					"$(inherited)",
				);
				GCC_PREPROCESSOR_DEFINITIONS = (
					"DEBUG=1",
					"$(inherited)",
				);
				INFOPLIST_FILE = "NSUserDefault,Segues and Protocol Challenge SolutionTests/Info.plist";
				LD_RUNPATH_SEARCH_PATHS = "$(inherited) @executable_path/Frameworks @loader_path/Frameworks";
				PRODUCT_NAME = "$(TARGET_NAME)";
				TEST_HOST = "$(BUILT_PRODUCTS_DIR)/NSUserDefault,Segues and Protocol Challenge Solution.app/NSUserDefault,Segues and Protocol Challenge Solution";
			};
			name = Debug;
		};
		53E1948319EAA8200064918D /* Release */ = {
			isa = XCBuildConfiguration;
			buildSettings = {
				BUNDLE_LOADER = "$(TEST_HOST)";
				FRAMEWORK_SEARCH_PATHS = (
					"$(SDKROOT)/Developer/Library/Frameworks",
					"$(inherited)",
				);
				INFOPLIST_FILE = "NSUserDefault,Segues and Protocol Challenge SolutionTests/Info.plist";
				LD_RUNPATH_SEARCH_PATHS = "$(inherited) @executable_path/Frameworks @loader_path/Frameworks";
				PRODUCT_NAME = "$(TARGET_NAME)";
				TEST_HOST = "$(BUILT_PRODUCTS_DIR)/NSUserDefault,Segues and Protocol Challenge Solution.app/NSUserDefault,Segues and Protocol Challenge Solution";
			};
			name = Release;
		};
/* End XCBuildConfiguration section */

/* Begin XCConfigurationList section */
		53E1945619EAA8200064918D /* Build configuration list for PBXProject "NSUserDefault,Segues and Protocol Challenge Solution" */ = {
			isa = XCConfigurationList;
			buildConfigurations = (
				53E1947C19EAA8200064918D /* Debug */,
				53E1947D19EAA8200064918D /* Release */,
			);
			defaultConfigurationIsVisible = 0;
			defaultConfigurationName = Release;
		};
		53E1947E19EAA8200064918D /* Build configuration list for PBXNativeTarget "NSUserDefault,Segues and Protocol Challenge Solution" */ = {
			isa = XCConfigurationList;
			buildConfigurations = (
				53E1947F19EAA8200064918D /* Debug */,
				53E1948019EAA8200064918D /* Release */,
			);
			defaultConfigurationIsVisible = 0;
		};
		53E1948119EAA8200064918D /* Build configuration list for PBXNativeTarget "NSUserDefault,Segues and Protocol Challenge SolutionTests" */ = {
			isa = XCConfigurationList;
			buildConfigurations = (
				53E1948219EAA8200064918D /* Debug */,
				53E1948319EAA8200064918D /* Release */,
			);
			defaultConfigurationIsVisible = 0;
		};
/* End XCConfigurationList section */
	};
	rootObject = 53E1945319EAA8200064918D /* Project object */;
}
